
Microsoft Visual Studio Solution File, Format Version 12.00
# Visual Studio Version 16
VisualStudioVersion = 16.0.29411.108
MinimumVisualStudioVersion = 10.0.40219.1
Project("{F184B08F-C81C-45F6-A57F-5ABD9991F28F}") = "Video game", "Video game\Video game.vbproj", "{27EF536B-D98C-42E0-A4A1-A70E2393AB73}"
EndProject
Global
	GlobalSection(SolutionConfigurationPlatforms) = preSolution
		Debug|Any CPU = Debug|Any CPU
		Release|Any CPU = Release|Any CPU
	EndGlobalSection
	GlobalSection(ProjectConfigurationPlatforms) = postSolution
		{27EF536B-D98C-42E0-A4A1-A70E2393AB73}.Debug|Any CPU.ActiveCfg = Debug|Any CPU
		{27EF536B-D98C-42E0-A4A1-A70E2393AB73}.Debug|Any CPU.Build.0 = Debug|Any CPU
		{27EF536B-D98C-42E0-A4A1-A70E2393AB73}.Release|Any CPU.ActiveCfg = Release|Any CPU
		{27EF536B-D98C-42E0-A4A1-A70E2393AB73}.Release|Any CPU.Build.0 = Release|Any CPU
	EndGlobalSection
	GlobalSection(SolutionProperties) = preSolution
		HideSolutionNode = FALSE
	EndGlobalSection
	GlobalSection(ExtensibilityGlobals) = postSolution
		SolutionGuid = {A7530A53-B3B6-44DC-A0CF-A74876C9DA07}
	EndGlobalSection
EndGlobal
